
Microsoft Visual Studio Solution File, Format Version 12.00
# Visual Studio Version 17
VisualStudioVersion = 17.10.35122.118
MinimumVisualStudioVersion = 10.0.40219.1
Project("{9A19103F-16F7-4668-BE54-9A1E7A4F7556}") = "SportApp_Business", "SportApp_Business\SportApp_Business.csproj", "{3BFD9E4D-34BF-406A-9B8C-3795FC8F8A0A}"
EndProject
Project("{9A19103F-16F7-4668-BE54-9A1E7A4F7556}") = "SportApp_Domain", "SportApp_Domain\SportApp_Domain.csproj", "{3B1576C8-69F8-4B5D-87DE-823A2126BDAF}"
EndProject
Project("{9A19103F-16F7-4668-BE54-9A1E7A4F7556}") = "SportApp_Infrastructure", "SportApp_Infrastructure\SportApp_Infrastructure.csproj", "{A245D3D7-F491-43FB-91AA-C3F5D7238186}"
EndProject
Project("{9A19103F-16F7-4668-BE54-9A1E7A4F7556}") = "UnitTest", "UnitTest\UnitTest.csproj", "{7D92336A-DF90-4191-B9B3-8FCDEAE5472A}"
EndProject
Project("{9A19103F-16F7-4668-BE54-9A1E7A4F7556}") = "SportApp_BE", "SportApp_BE\SportApp_BE.csproj", "{8B039E81-8E07-4780-B7CE-6ACED9FEC5A9}"
EndProject
Project("{2150E333-8FDC-42A3-9474-1A3956D46DE8}") = ".github", ".github", "{4D6441B7-DD4B-4985-901D-E8CB230B6E71}"
EndProject
Project("{2150E333-8FDC-42A3-9474-1A3956D46DE8}") = "workflows", "workflows", "{46714872-1714-41BB-B760-DE18621E7C5B}"
	ProjectSection(SolutionItems) = preProject
		build-and-test.yml = build-and-test.yml
	EndProjectSection
EndProject
Global
	GlobalSection(SolutionConfigurationPlatforms) = preSolution
		Debug|Any CPU = Debug|Any CPU
		Release|Any CPU = Release|Any CPU
	EndGlobalSection
	GlobalSection(ProjectConfigurationPlatforms) = postSolution
		{3BFD9E4D-34BF-406A-9B8C-3795FC8F8A0A}.Debug|Any CPU.ActiveCfg = Debug|Any CPU
		{3BFD9E4D-34BF-406A-9B8C-3795FC8F8A0A}.Debug|Any CPU.Build.0 = Debug|Any CPU
		{3BFD9E4D-34BF-406A-9B8C-3795FC8F8A0A}.Release|Any CPU.ActiveCfg = Release|Any CPU
		{3BFD9E4D-34BF-406A-9B8C-3795FC8F8A0A}.Release|Any CPU.Build.0 = Release|Any CPU
		{3B1576C8-69F8-4B5D-87DE-823A2126BDAF}.Debug|Any CPU.ActiveCfg = Debug|Any CPU
		{3B1576C8-69F8-4B5D-87DE-823A2126BDAF}.Debug|Any CPU.Build.0 = Debug|Any CPU
		{3B1576C8-69F8-4B5D-87DE-823A2126BDAF}.Release|Any CPU.ActiveCfg = Release|Any CPU
		{3B1576C8-69F8-4B5D-87DE-823A2126BDAF}.Release|Any CPU.Build.0 = Release|Any CPU
		{A245D3D7-F491-43FB-91AA-C3F5D7238186}.Debug|Any CPU.ActiveCfg = Debug|Any CPU
		{A245D3D7-F491-43FB-91AA-C3F5D7238186}.Debug|Any CPU.Build.0 = Debug|Any CPU
		{A245D3D7-F491-43FB-91AA-C3F5D7238186}.Release|Any CPU.ActiveCfg = Release|Any CPU
		{A245D3D7-F491-43FB-91AA-C3F5D7238186}.Release|Any CPU.Build.0 = Release|Any CPU
		{7D92336A-DF90-4191-B9B3-8FCDEAE5472A}.Debug|Any CPU.ActiveCfg = Debug|Any CPU
		{7D92336A-DF90-4191-B9B3-8FCDEAE5472A}.Debug|Any CPU.Build.0 = Debug|Any CPU
		{7D92336A-DF90-4191-B9B3-8FCDEAE5472A}.Release|Any CPU.ActiveCfg = Release|Any CPU
		{7D92336A-DF90-4191-B9B3-8FCDEAE5472A}.Release|Any CPU.Build.0 = Release|Any CPU
		{8B039E81-8E07-4780-B7CE-6ACED9FEC5A9}.Debug|Any CPU.ActiveCfg = Debug|Any CPU
		{8B039E81-8E07-4780-B7CE-6ACED9FEC5A9}.Debug|Any CPU.Build.0 = Debug|Any CPU
		{8B039E81-8E07-4780-B7CE-6ACED9FEC5A9}.Release|Any CPU.ActiveCfg = Release|Any CPU
		{8B039E81-8E07-4780-B7CE-6ACED9FEC5A9}.Release|Any CPU.Build.0 = Release|Any CPU
	EndGlobalSection
	GlobalSection(SolutionProperties) = preSolution
		HideSolutionNode = FALSE
	EndGlobalSection
	GlobalSection(NestedProjects) = preSolution
		{46714872-1714-41BB-B760-DE18621E7C5B} = {4D6441B7-DD4B-4985-901D-E8CB230B6E71}
	EndGlobalSection
	GlobalSection(ExtensibilityGlobals) = postSolution
		SolutionGuid = {E81EA463-FFCC-4FC8-B9A7-CB5800FA2D47}
	EndGlobalSection
EndGlobal
